# THIS IS AN AUTOGENERATED FILE. DO NOT EDIT THIS FILE DIRECTLY.
# yarn lockfile v1


"@types/bson@*":
  version "1.0.8"
  resolved "https://registry.yarnpkg.com/@types/bson/-/bson-1.0.8.tgz#6ad272b3f049e9598ec33aed09cf56d8946b75f1"
  dependencies:
    "@types/node" "*"

"@types/events@*":
  version "1.2.0"
  resolved "https://registry.yarnpkg.com/@types/events/-/events-1.2.0.tgz#81a6731ce4df43619e5c8c945383b3e62a89ea86"

"@types/node@*":
  version "9.6.6"
  resolved "https://registry.yarnpkg.com/@types/node/-/node-9.6.6.tgz#439b91f9caf3983cad2eef1e11f6bedcbf9431d2"
